
Microsoft Visual Studio Solution File, Format Version 12.00
# Visual Studio 2012
Project("{FAE04EC0-301F-11D3-BF4B-00C04F79EFBC}") = "AsyncWebClient", "AsyncWebClient\AsyncWebClient.csproj", "{9816B5AF-EBBC-4AD2-B613-521C2A7DAFAA}"
EndProject
Global
	GlobalSection(SolutionConfigurationPlatforms) = preSolution
		Debug|Any CPU = Debug|Any CPU
		Release|Any CPU = Release|Any CPU
	EndGlobalSection
	GlobalSection(ProjectConfigurationPlatforms) = postSolution
		{9816B5AF-EBBC-4AD2-B613-521C2A7DAFAA}.Debug|Any CPU.ActiveCfg = Debug|Any CPU
		{9816B5AF-EBBC-4AD2-B613-521C2A7DAFAA}.Debug|Any CPU.Build.0 = Debug|Any CPU
		{9816B5AF-EBBC-4AD2-B613-521C2A7DAFAA}.Release|Any CPU.ActiveCfg = Release|Any CPU
		{9816B5AF-EBBC-4AD2-B613-521C2A7DAFAA}.Release|Any CPU.Build.0 = Release|Any CPU
	EndGlobalSection
	GlobalSection(SolutionProperties) = preSolution
		HideSolutionNode = FALSE
	EndGlobalSection
EndGlobal
